// !$*UTF8*$!
{
	archiveVersion = 1;
	classes = {
	};
	objectVersion = 77;
	objects = {

/* Begin PBXBuildFile section */
		E48EB5F12D9AA3FE00ACAEA3 /* YPImagePicker in Frameworks */ = {isa = PBXBuildFile; productRef = E48EB5F02D9AA3FE00ACAEA3 /* YPImagePicker */; };
		E48EB5F42D9AA40800ACAEA3 /* YouTubeiOSPlayerHelper in Frameworks */ = {isa = PBXBuildFile; productRef = E48EB5F32D9AA40800ACAEA3 /* YouTubeiOSPlayerHelper */; };
		E48EB5F72D9AA41700ACAEA3 /* Toast in Frameworks */ = {isa = PBXBuildFile; productRef = E48EB5F62D9AA41700ACAEA3 /* Toast */; };
		E48EB5FA2D9AA42C00ACAEA3 /* SnapKit in Frameworks */ = {isa = PBXBuildFile; productRef = E48EB5F92D9AA42C00ACAEA3 /* SnapKit */; };
		E48EB5FD2D9AA43F00ACAEA3 /* RxCocoa in Frameworks */ = {isa = PBXBuildFile; productRef = E48EB5FC2D9AA43F00ACAEA3 /* RxCocoa */; };
		E48EB5FF2D9AA43F00ACAEA3 /* RxSwift in Frameworks */ = {isa = PBXBuildFile; productRef = E48EB5FE2D9AA43F00ACAEA3 /* RxSwift */; };
		E48EB6022D9AA49900ACAEA3 /* RealmSwift in Frameworks */ = {isa = PBXBuildFile; productRef = E48EB6012D9AA49900ACAEA3 /* RealmSwift */; };
		E48EB6052D9AA4D500ACAEA3 /* Kingfisher in Frameworks */ = {isa = PBXBuildFile; productRef = E48EB6042D9AA4D500ACAEA3 /* Kingfisher */; };
		E48EB6082D9AA50600ACAEA3 /* Alamofire in Frameworks */ = {isa = PBXBuildFile; productRef = E48EB6072D9AA50600ACAEA3 /* Alamofire */; };
		E48EB60B2D9AA56C00ACAEA3 /* RxDataSources in Frameworks */ = {isa = PBXBuildFile; productRef = E48EB60A2D9AA56C00ACAEA3 /* RxDataSources */; };
		E48EB60C2D9AA5E900ACAEA3 /* RealmSwift in Embed Frameworks */ = {isa = PBXBuildFile; productRef = E48EB6012D9AA49900ACAEA3 /* RealmSwift */; settings = {ATTRIBUTES = (CodeSignOnCopy, ); }; };
		E49726AA2D8D2D6B00716594 /* .gitignore in Resources */ = {isa = PBXBuildFile; fileRef = E49726A92D8D2D6B00716594 /* .gitignore */; };
		E4C05C422DA283530018F9D4 /* SNKit in Frameworks */ = {isa = PBXBuildFile; productRef = E4C05C412DA283530018F9D4 /* SNKit */; };
/* End PBXBuildFile section */

/* Begin PBXCopyFilesBuildPhase section */
		E48EB3582D97E9C400ACAEA3 /* Embed Frameworks */ = {
			isa = PBXCopyFilesBuildPhase;
			buildActionMask = 2147483647;
			dstPath = "";
			dstSubfolderSpec = 10;
			files = (
				E48EB60C2D9AA5E900ACAEA3 /* RealmSwift in Embed Frameworks */,
			);
			name = "Embed Frameworks";
			runOnlyForDeploymentPostprocessing = 0;
		};
/* End PBXCopyFilesBuildPhase section */

/* Begin PBXFileReference section */
		E49726502D8D273300716594 /* PetApp.app */ = {isa = PBXFileReference; explicitFileType = wrapper.application; includeInIndex = 0; path = PetApp.app; sourceTree = BUILT_PRODUCTS_DIR; };
		E49726A92D8D2D6B00716594 /* .gitignore */ = {isa = PBXFileReference; lastKnownFileType = text; path = .gitignore; sourceTree = "<group>"; };
/* End PBXFileReference section */

/* Begin PBXFileSystemSynchronizedBuildFileExceptionSet section */
		E49726622D8D273A00716594 /* Exceptions for "PetApp" folder in "PetApp" target */ = {
			isa = PBXFileSystemSynchronizedBuildFileExceptionSet;
			membershipExceptions = (
				Info.plist,
			);
			target = E497264F2D8D273300716594 /* PetApp */;
		};
/* End PBXFileSystemSynchronizedBuildFileExceptionSet section */

/* Begin PBXFileSystemSynchronizedRootGroup section */
		E49726522D8D273300716594 /* PetApp */ = {
			isa = PBXFileSystemSynchronizedRootGroup;
			exceptions = (
				E49726622D8D273A00716594 /* Exceptions for "PetApp" folder in "PetApp" target */,
			);
			path = PetApp;
			sourceTree = "<group>";
		};
/* End PBXFileSystemSynchronizedRootGroup section */

/* Begin PBXFrameworksBuildPhase section */
		E497264D2D8D273300716594 /* Frameworks */ = {
			isa = PBXFrameworksBuildPhase;
			buildActionMask = 2147483647;
			files = (
				E4C05C422DA283530018F9D4 /* SNKit in Frameworks */,
				E48EB6082D9AA50600ACAEA3 /* Alamofire in Frameworks */,
				E48EB5FF2D9AA43F00ACAEA3 /* RxSwift in Frameworks */,
				E48EB5F72D9AA41700ACAEA3 /* Toast in Frameworks */,
				E48EB60B2D9AA56C00ACAEA3 /* RxDataSources in Frameworks */,
				E48EB6022D9AA49900ACAEA3 /* RealmSwift in Frameworks */,
				E48EB5FA2D9AA42C00ACAEA3 /* SnapKit in Frameworks */,
				E48EB6052D9AA4D500ACAEA3 /* Kingfisher in Frameworks */,
				E48EB5FD2D9AA43F00ACAEA3 /* RxCocoa in Frameworks */,
				E48EB5F12D9AA3FE00ACAEA3 /* YPImagePicker in Frameworks */,
				E48EB5F42D9AA40800ACAEA3 /* YouTubeiOSPlayerHelper in Frameworks */,
			);
			runOnlyForDeploymentPostprocessing = 0;
		};
/* End PBXFrameworksBuildPhase section */

/* Begin PBXGroup section */
		E49726472D8D273300716594 = {
			isa = PBXGroup;
			children = (
				E49726A92D8D2D6B00716594 /* .gitignore */,
				E49726522D8D273300716594 /* PetApp */,
				E49726512D8D273300716594 /* Products */,
			);
			sourceTree = "<group>";
		};
		E49726512D8D273300716594 /* Products */ = {
			isa = PBXGroup;
			children = (
				E49726502D8D273300716594 /* PetApp.app */,
			);
			name = Products;
			sourceTree = "<group>";
		};
/* End PBXGroup section */

/* Begin PBXNativeTarget section */
		E497264F2D8D273300716594 /* PetApp */ = {
			isa = PBXNativeTarget;
			buildConfigurationList = E49726632D8D273A00716594 /* Build configuration list for PBXNativeTarget "PetApp" */;
			buildPhases = (
				E497264C2D8D273300716594 /* Sources */,
				E497264D2D8D273300716594 /* Frameworks */,
				E497264E2D8D273300716594 /* Resources */,
				E48EB3582D97E9C400ACAEA3 /* Embed Frameworks */,
			);
			buildRules = (
			);
			dependencies = (
			);
			fileSystemSynchronizedGroups = (
				E49726522D8D273300716594 /* PetApp */,
			);
			name = PetApp;
			packageProductDependencies = (
				E48EB5F02D9AA3FE00ACAEA3 /* YPImagePicker */,
				E48EB5F32D9AA40800ACAEA3 /* YouTubeiOSPlayerHelper */,
				E48EB5F62D9AA41700ACAEA3 /* Toast */,
				E48EB5F92D9AA42C00ACAEA3 /* SnapKit */,
				E48EB5FC2D9AA43F00ACAEA3 /* RxCocoa */,
				E48EB5FE2D9AA43F00ACAEA3 /* RxSwift */,
				E48EB6012D9AA49900ACAEA3 /* RealmSwift */,
				E48EB6042D9AA4D500ACAEA3 /* Kingfisher */,
				E48EB6072D9AA50600ACAEA3 /* Alamofire */,
				E48EB60A2D9AA56C00ACAEA3 /* RxDataSources */,
				E4C05C412DA283530018F9D4 /* SNKit */,
			);
			productName = PetApp;
			productReference = E49726502D8D273300716594 /* PetApp.app */;
			productType = "com.apple.product-type.application";
		};
/* End PBXNativeTarget section */

/* Begin PBXProject section */
		E49726482D8D273300716594 /* Project object */ = {
			isa = PBXProject;
			attributes = {
				BuildIndependentTargetsInParallel = 1;
				LastSwiftUpdateCheck = 1620;
				LastUpgradeCheck = 1620;
				TargetAttributes = {
					E497264F2D8D273300716594 = {
						CreatedOnToolsVersion = 16.2;
					};
				};
			};
			buildConfigurationList = E497264B2D8D273300716594 /* Build configuration list for PBXProject "PetApp" */;
			developmentRegion = en;
			hasScannedForEncodings = 0;
			knownRegions = (
				en,
				Base,
			);
			mainGroup = E49726472D8D273300716594;
			minimizedProjectReferenceProxies = 1;
			packageReferences = (
				E48EB5EF2D9AA3FE00ACAEA3 /* XCRemoteSwiftPackageReference "YPImagePicker" */,
				E48EB5F22D9AA40800ACAEA3 /* XCRemoteSwiftPackageReference "youtube-ios-player-helper" */,
				E48EB5F52D9AA41700ACAEA3 /* XCRemoteSwiftPackageReference "Toast-Swift" */,
				E48EB5F82D9AA42C00ACAEA3 /* XCRemoteSwiftPackageReference "SnapKit" */,
				E48EB5FB2D9AA43F00ACAEA3 /* XCRemoteSwiftPackageReference "RxSwift" */,
				E48EB6002D9AA49900ACAEA3 /* XCRemoteSwiftPackageReference "realm-swift" */,
				E48EB6032D9AA4D500ACAEA3 /* XCRemoteSwiftPackageReference "Kingfisher" */,
				E48EB6062D9AA50600ACAEA3 /* XCRemoteSwiftPackageReference "Alamofire" */,
				E48EB6092D9AA56C00ACAEA3 /* XCRemoteSwiftPackageReference "RxDataSources" */,
				E4C05C402DA283530018F9D4 /* XCRemoteSwiftPackageReference "SNKit" */,
			);
			preferredProjectObjectVersion = 77;
			productRefGroup = E49726512D8D273300716594 /* Products */;
			projectDirPath = "";
			projectRoot = "";
			targets = (
				E497264F2D8D273300716594 /* PetApp */,
			);
		};
/* End PBXProject section */

/* Begin PBXResourcesBuildPhase section */
		E497264E2D8D273300716594 /* Resources */ = {
			isa = PBXResourcesBuildPhase;
			buildActionMask = 2147483647;
			files = (
				E49726AA2D8D2D6B00716594 /* .gitignore in Resources */,
			);
			runOnlyForDeploymentPostprocessing = 0;
		};
/* End PBXResourcesBuildPhase section */

/* Begin PBXSourcesBuildPhase section */
		E497264C2D8D273300716594 /* Sources */ = {
			isa = PBXSourcesBuildPhase;
			buildActionMask = 2147483647;
			files = (
			);
			runOnlyForDeploymentPostprocessing = 0;
		};
/* End PBXSourcesBuildPhase section */

/* Begin XCBuildConfiguration section */
		E49726642D8D273A00716594 /* Debug */ = {
			isa = XCBuildConfiguration;
			buildSettings = {
				ASSETCATALOG_COMPILER_APPICON_NAME = AppIcon;
				ASSETCATALOG_COMPILER_GLOBAL_ACCENT_COLOR_NAME = AccentColor;
				CODE_SIGN_ENTITLEMENTS = PetApp/PetApp.entitlements;
				CODE_SIGN_STYLE = Automatic;
				CURRENT_PROJECT_VERSION = 4;
				DEVELOPMENT_TEAM = Q653PU93R6;
				EXCLUDED_ARCHS = "";
				GENERATE_INFOPLIST_FILE = YES;
				INFOPLIST_FILE = PetApp/Info.plist;
				INFOPLIST_KEY_CFBundleDisplayName = "와랄라";
				INFOPLIST_KEY_NSCameraUsageDescription = "이 앱은 사진 촬영 및 업로드 기능을 위해 카메라 접근이 필요합니다.";
				INFOPLIST_KEY_NSLocationWhenInUseUsageDescription = "이 앱은 위치 정보를 사용해 사용자의 근처 유기동물 보호소를 표시합니다.";
				INFOPLIST_KEY_NSPhotoLibraryUsageDescription = "이 앱은 사용자가 게시물에 이미지를 첨부할 때 사진 라이브러리에서 이미지를 선택할 수 있도록 하기위해 권한이 필요합니다.";
				INFOPLIST_KEY_UIApplicationSupportsIndirectInputEvents = YES;
				INFOPLIST_KEY_UILaunchStoryboardName = LaunchScreen;
				INFOPLIST_KEY_UISupportedInterfaceOrientations = UIInterfaceOrientationPortrait;
				INFOPLIST_KEY_UISupportedInterfaceOrientations_iPad = "UIInterfaceOrientationLandscapeLeft UIInterfaceOrientationLandscapeRight UIInterfaceOrientationPortrait UIInterfaceOrientationPortraitUpsideDown";
				INFOPLIST_KEY_UIUserInterfaceStyle = Light;
				IPHONEOS_DEPLOYMENT_TARGET = 13.0;
				LD_RUNPATH_SEARCH_PATHS = (
					"$(inherited)",
					"@executable_path/Frameworks",
				);
				MARKETING_VERSION = 1.0.5;
				PRODUCT_BUNDLE_IDENTIFIER = WEDLE.Warala;
				PRODUCT_NAME = "$(TARGET_NAME)";
				SUPPORTED_PLATFORMS = "iphoneos iphonesimulator";
				SUPPORTS_MACCATALYST = NO;
				SUPPORTS_MAC_DESIGNED_FOR_IPHONE_IPAD = NO;
				SUPPORTS_XR_DESIGNED_FOR_IPHONE_IPAD = NO;
				SWIFT_EMIT_LOC_STRINGS = YES;
				SWIFT_VERSION = 5.0;
				TARGETED_DEVICE_FAMILY = 1;
			};
			name = Debug;
		};
		E49726652D8D273A00716594 /* Release */ = {
			isa = XCBuildConfiguration;
			buildSettings = {
				ASSETCATALOG_COMPILER_APPICON_NAME = AppIcon;
				ASSETCATALOG_COMPILER_GLOBAL_ACCENT_COLOR_NAME = AccentColor;
				CODE_SIGN_ENTITLEMENTS = PetApp/PetApp.entitlements;
				CODE_SIGN_STYLE = Automatic;
				CURRENT_PROJECT_VERSION = 4;
				DEVELOPMENT_TEAM = Q653PU93R6;
				EXCLUDED_ARCHS = "";
				GENERATE_INFOPLIST_FILE = YES;
				INFOPLIST_FILE = PetApp/Info.plist;
				INFOPLIST_KEY_CFBundleDisplayName = "와랄라";
				INFOPLIST_KEY_NSCameraUsageDescription = "이 앱은 사진 촬영 및 업로드 기능을 위해 카메라 접근이 필요합니다.";
				INFOPLIST_KEY_NSLocationWhenInUseUsageDescription = "이 앱은 위치 정보를 사용해 사용자의 근처 유기동물 보호소를 표시합니다.";
				INFOPLIST_KEY_NSPhotoLibraryUsageDescription = "이 앱은 사용자가 게시물에 이미지를 첨부할 때 사진 라이브러리에서 이미지를 선택할 수 있도록 하기위해 권한이 필요합니다.";
				INFOPLIST_KEY_UIApplicationSupportsIndirectInputEvents = YES;
				INFOPLIST_KEY_UILaunchStoryboardName = LaunchScreen;
				INFOPLIST_KEY_UISupportedInterfaceOrientations = UIInterfaceOrientationPortrait;
				INFOPLIST_KEY_UISupportedInterfaceOrientations_iPad = "UIInterfaceOrientationLandscapeLeft UIInterfaceOrientationLandscapeRight UIInterfaceOrientationPortrait UIInterfaceOrientationPortraitUpsideDown";
				INFOPLIST_KEY_UIUserInterfaceStyle = Light;
				IPHONEOS_DEPLOYMENT_TARGET = 13.0;
				LD_RUNPATH_SEARCH_PATHS = (
					"$(inherited)",
					"@executable_path/Frameworks",
				);
				MARKETING_VERSION = 1.0.5;
				PRODUCT_BUNDLE_IDENTIFIER = WEDLE.Warala;
				PRODUCT_NAME = "$(TARGET_NAME)";
				SUPPORTED_PLATFORMS = "iphoneos iphonesimulator";
				SUPPORTS_MACCATALYST = NO;
				SUPPORTS_MAC_DESIGNED_FOR_IPHONE_IPAD = NO;
				SUPPORTS_XR_DESIGNED_FOR_IPHONE_IPAD = NO;
				SWIFT_EMIT_LOC_STRINGS = YES;
				SWIFT_VERSION = 5.0;
				TARGETED_DEVICE_FAMILY = 1;
			};
			name = Release;
		};
		E49726662D8D273A00716594 /* Debug */ = {
			isa = XCBuildConfiguration;
			buildSettings = {
				ALWAYS_SEARCH_USER_PATHS = NO;
				ASSETCATALOG_COMPILER_GENERATE_SWIFT_ASSET_SYMBOL_EXTENSIONS = YES;
				CLANG_ANALYZER_NONNULL = YES;
				CLANG_ANALYZER_NUMBER_OBJECT_CONVERSION = YES_AGGRESSIVE;
				CLANG_CXX_LANGUAGE_STANDARD = "gnu++20";
				CLANG_ENABLE_MODULES = YES;
				CLANG_ENABLE_OBJC_ARC = YES;
				CLANG_ENABLE_OBJC_WEAK = YES;
				CLANG_WARN_BLOCK_CAPTURE_AUTORELEASING = YES;
				CLANG_WARN_BOOL_CONVERSION = YES;
				CLANG_WARN_COMMA = YES;
				CLANG_WARN_CONSTANT_CONVERSION = YES;
				CLANG_WARN_DEPRECATED_OBJC_IMPLEMENTATIONS = YES;
				CLANG_WARN_DIRECT_OBJC_ISA_USAGE = YES_ERROR;
				CLANG_WARN_DOCUMENTATION_COMMENTS = YES;
				CLANG_WARN_EMPTY_BODY = YES;
				CLANG_WARN_ENUM_CONVERSION = YES;
				CLANG_WARN_INFINITE_RECURSION = YES;
				CLANG_WARN_INT_CONVERSION = YES;
				CLANG_WARN_NON_LITERAL_NULL_CONVERSION = YES;
				CLANG_WARN_OBJC_IMPLICIT_RETAIN_SELF = YES;
				CLANG_WARN_OBJC_LITERAL_CONVERSION = YES;
				CLANG_WARN_OBJC_ROOT_CLASS = YES_ERROR;
				CLANG_WARN_QUOTED_INCLUDE_IN_FRAMEWORK_HEADER = YES;
				CLANG_WARN_RANGE_LOOP_ANALYSIS = YES;
				CLANG_WARN_STRICT_PROTOTYPES = YES;
				CLANG_WARN_SUSPICIOUS_MOVE = YES;
				CLANG_WARN_UNGUARDED_AVAILABILITY = YES_AGGRESSIVE;
				CLANG_WARN_UNREACHABLE_CODE = YES;
				CLANG_WARN__DUPLICATE_METHOD_MATCH = YES;
				COPY_PHASE_STRIP = NO;
				DEBUG_INFORMATION_FORMAT = dwarf;
				ENABLE_STRICT_OBJC_MSGSEND = YES;
				ENABLE_TESTABILITY = YES;
				ENABLE_USER_SCRIPT_SANDBOXING = YES;
				GCC_C_LANGUAGE_STANDARD = gnu17;
				GCC_DYNAMIC_NO_PIC = NO;
				GCC_NO_COMMON_BLOCKS = YES;
				GCC_OPTIMIZATION_LEVEL = 0;
				GCC_PREPROCESSOR_DEFINITIONS = (
					"DEBUG=1",
					"$(inherited)",
				);
				GCC_WARN_64_TO_32_BIT_CONVERSION = YES;
				GCC_WARN_ABOUT_RETURN_TYPE = YES_ERROR;
				GCC_WARN_UNDECLARED_SELECTOR = YES;
				GCC_WARN_UNINITIALIZED_AUTOS = YES_AGGRESSIVE;
				GCC_WARN_UNUSED_FUNCTION = YES;
				GCC_WARN_UNUSED_VARIABLE = YES;
				IPHONEOS_DEPLOYMENT_TARGET = 13.0;
				LOCALIZATION_PREFERS_STRING_CATALOGS = YES;
				MTL_ENABLE_DEBUG_INFO = INCLUDE_SOURCE;
				MTL_FAST_MATH = YES;
				ONLY_ACTIVE_ARCH = YES;
				SDKROOT = iphoneos;
				SWIFT_ACTIVE_COMPILATION_CONDITIONS = "DEBUG $(inherited)";
				SWIFT_OPTIMIZATION_LEVEL = "-Onone";
			};
			name = Debug;
		};
		E49726672D8D273A00716594 /* Release */ = {
			isa = XCBuildConfiguration;
			buildSettings = {
				ALWAYS_SEARCH_USER_PATHS = NO;
				ASSETCATALOG_COMPILER_GENERATE_SWIFT_ASSET_SYMBOL_EXTENSIONS = YES;
				CLANG_ANALYZER_NONNULL = YES;
				CLANG_ANALYZER_NUMBER_OBJECT_CONVERSION = YES_AGGRESSIVE;
				CLANG_CXX_LANGUAGE_STANDARD = "gnu++20";
				CLANG_ENABLE_MODULES = YES;
				CLANG_ENABLE_OBJC_ARC = YES;
				CLANG_ENABLE_OBJC_WEAK = YES;
				CLANG_WARN_BLOCK_CAPTURE_AUTORELEASING = YES;
				CLANG_WARN_BOOL_CONVERSION = YES;
				CLANG_WARN_COMMA = YES;
				CLANG_WARN_CONSTANT_CONVERSION = YES;
				CLANG_WARN_DEPRECATED_OBJC_IMPLEMENTATIONS = YES;
				CLANG_WARN_DIRECT_OBJC_ISA_USAGE = YES_ERROR;
				CLANG_WARN_DOCUMENTATION_COMMENTS = YES;
				CLANG_WARN_EMPTY_BODY = YES;
				CLANG_WARN_ENUM_CONVERSION = YES;
				CLANG_WARN_INFINITE_RECURSION = YES;
				CLANG_WARN_INT_CONVERSION = YES;
				CLANG_WARN_NON_LITERAL_NULL_CONVERSION = YES;
				CLANG_WARN_OBJC_IMPLICIT_RETAIN_SELF = YES;
				CLANG_WARN_OBJC_LITERAL_CONVERSION = YES;
				CLANG_WARN_OBJC_ROOT_CLASS = YES_ERROR;
				CLANG_WARN_QUOTED_INCLUDE_IN_FRAMEWORK_HEADER = YES;
				CLANG_WARN_RANGE_LOOP_ANALYSIS = YES;
				CLANG_WARN_STRICT_PROTOTYPES = YES;
				CLANG_WARN_SUSPICIOUS_MOVE = YES;
				CLANG_WARN_UNGUARDED_AVAILABILITY = YES_AGGRESSIVE;
				CLANG_WARN_UNREACHABLE_CODE = YES;
				CLANG_WARN__DUPLICATE_METHOD_MATCH = YES;
				COPY_PHASE_STRIP = NO;
				DEBUG_INFORMATION_FORMAT = "dwarf-with-dsym";
				ENABLE_NS_ASSERTIONS = NO;
				ENABLE_STRICT_OBJC_MSGSEND = YES;
				ENABLE_USER_SCRIPT_SANDBOXING = YES;
				GCC_C_LANGUAGE_STANDARD = gnu17;
				GCC_NO_COMMON_BLOCKS = YES;
				GCC_WARN_64_TO_32_BIT_CONVERSION = YES;
				GCC_WARN_ABOUT_RETURN_TYPE = YES_ERROR;
				GCC_WARN_UNDECLARED_SELECTOR = YES;
				GCC_WARN_UNINITIALIZED_AUTOS = YES_AGGRESSIVE;
				GCC_WARN_UNUSED_FUNCTION = YES;
				GCC_WARN_UNUSED_VARIABLE = YES;
				IPHONEOS_DEPLOYMENT_TARGET = 13.0;
				LOCALIZATION_PREFERS_STRING_CATALOGS = YES;
				MTL_ENABLE_DEBUG_INFO = NO;
				MTL_FAST_MATH = YES;
				SDKROOT = iphoneos;
				SWIFT_COMPILATION_MODE = wholemodule;
				VALIDATE_PRODUCT = YES;
			};
			name = Release;
		};
/* End XCBuildConfiguration section */

/* Begin XCConfigurationList section */
		E497264B2D8D273300716594 /* Build configuration list for PBXProject "PetApp" */ = {
			isa = XCConfigurationList;
			buildConfigurations = (
				E49726662D8D273A00716594 /* Debug */,
				E49726672D8D273A00716594 /* Release */,
			);
			defaultConfigurationIsVisible = 0;
			defaultConfigurationName = Release;
		};
		E49726632D8D273A00716594 /* Build configuration list for PBXNativeTarget "PetApp" */ = {
			isa = XCConfigurationList;
			buildConfigurations = (
				E49726642D8D273A00716594 /* Debug */,
				E49726652D8D273A00716594 /* Release */,
			);
			defaultConfigurationIsVisible = 0;
			defaultConfigurationName = Release;
		};
/* End XCConfigurationList section */

/* Begin XCRemoteSwiftPackageReference section */
		E48EB5EF2D9AA3FE00ACAEA3 /* XCRemoteSwiftPackageReference "YPImagePicker" */ = {
			isa = XCRemoteSwiftPackageReference;
			repositoryURL = "https://github.com/Yummypets/YPImagePicker.git";
			requirement = {
				kind = upToNextMajorVersion;
				minimumVersion = 5.2.2;
			};
		};
		E48EB5F22D9AA40800ACAEA3 /* XCRemoteSwiftPackageReference "youtube-ios-player-helper" */ = {
			isa = XCRemoteSwiftPackageReference;
			repositoryURL = "https://github.com/youtube/youtube-ios-player-helper.git";
			requirement = {
				kind = upToNextMajorVersion;
				minimumVersion = 1.0.4;
			};
		};
		E48EB5F52D9AA41700ACAEA3 /* XCRemoteSwiftPackageReference "Toast-Swift" */ = {
			isa = XCRemoteSwiftPackageReference;
			repositoryURL = "https://github.com/scalessec/Toast-Swift.git";
			requirement = {
				kind = upToNextMajorVersion;
				minimumVersion = 5.0.1;
			};
		};
		E48EB5F82D9AA42C00ACAEA3 /* XCRemoteSwiftPackageReference "SnapKit" */ = {
			isa = XCRemoteSwiftPackageReference;
			repositoryURL = "https://github.com/SnapKit/SnapKit.git";
			requirement = {
				kind = upToNextMajorVersion;
				minimumVersion = 5.6.0;
			};
		};
		E48EB5FB2D9AA43F00ACAEA3 /* XCRemoteSwiftPackageReference "RxSwift" */ = {
			isa = XCRemoteSwiftPackageReference;
			repositoryURL = "https://github.com/ReactiveX/RxSwift.git";
			requirement = {
				kind = upToNextMajorVersion;
				minimumVersion = 6.5.0;
			};
		};
		E48EB6002D9AA49900ACAEA3 /* XCRemoteSwiftPackageReference "realm-swift" */ = {
			isa = XCRemoteSwiftPackageReference;
			repositoryURL = "https://github.com/realm/realm-swift.git";
			requirement = {
				kind = upToNextMajorVersion;
				minimumVersion = 10.42.0;
			};
		};
		E48EB6032D9AA4D500ACAEA3 /* XCRemoteSwiftPackageReference "Kingfisher" */ = {
			isa = XCRemoteSwiftPackageReference;
			repositoryURL = "https://github.com/onevcat/Kingfisher.git";
			requirement = {
				kind = upToNextMajorVersion;
				minimumVersion = 7.0.0;
			};
		};
		E48EB6062D9AA50600ACAEA3 /* XCRemoteSwiftPackageReference "Alamofire" */ = {
			isa = XCRemoteSwiftPackageReference;
			repositoryURL = "https://github.com/Alamofire/Alamofire.git";
			requirement = {
				kind = upToNextMajorVersion;
				minimumVersion = 5.4.4;
			};
		};
		E48EB6092D9AA56C00ACAEA3 /* XCRemoteSwiftPackageReference "RxDataSources" */ = {
			isa = XCRemoteSwiftPackageReference;
			repositoryURL = "https://github.com/RxSwiftCommunity/RxDataSources.git";
			requirement = {
				kind = upToNextMajorVersion;
				minimumVersion = 5.0.0;
			};
		};
		E4C05C402DA283530018F9D4 /* XCRemoteSwiftPackageReference "SNKit" */ = {
			isa = XCRemoteSwiftPackageReference;
			repositoryURL = "https://github.com/jeoungsung12/SNKit.git";
			requirement = {
				kind = exactVersion;
				version = 1.0.2;
			};
		};
/* End XCRemoteSwiftPackageReference section */

/* Begin XCSwiftPackageProductDependency section */
		E48EB5F02D9AA3FE00ACAEA3 /* YPImagePicker */ = {
			isa = XCSwiftPackageProductDependency;
			package = E48EB5EF2D9AA3FE00ACAEA3 /* XCRemoteSwiftPackageReference "YPImagePicker" */;
			productName = YPImagePicker;
		};
		E48EB5F32D9AA40800ACAEA3 /* YouTubeiOSPlayerHelper */ = {
			isa = XCSwiftPackageProductDependency;
			package = E48EB5F22D9AA40800ACAEA3 /* XCRemoteSwiftPackageReference "youtube-ios-player-helper" */;
			productName = YouTubeiOSPlayerHelper;
		};
		E48EB5F62D9AA41700ACAEA3 /* Toast */ = {
			isa = XCSwiftPackageProductDependency;
			package = E48EB5F52D9AA41700ACAEA3 /* XCRemoteSwiftPackageReference "Toast-Swift" */;
			productName = Toast;
		};
		E48EB5F92D9AA42C00ACAEA3 /* SnapKit */ = {
			isa = XCSwiftPackageProductDependency;
			package = E48EB5F82D9AA42C00ACAEA3 /* XCRemoteSwiftPackageReference "SnapKit" */;
			productName = SnapKit;
		};
		E48EB5FC2D9AA43F00ACAEA3 /* RxCocoa */ = {
			isa = XCSwiftPackageProductDependency;
			package = E48EB5FB2D9AA43F00ACAEA3 /* XCRemoteSwiftPackageReference "RxSwift" */;
			productName = RxCocoa;
		};
		E48EB5FE2D9AA43F00ACAEA3 /* RxSwift */ = {
			isa = XCSwiftPackageProductDependency;
			package = E48EB5FB2D9AA43F00ACAEA3 /* XCRemoteSwiftPackageReference "RxSwift" */;
			productName = RxSwift;
		};
		E48EB6012D9AA49900ACAEA3 /* RealmSwift */ = {
			isa = XCSwiftPackageProductDependency;
			package = E48EB6002D9AA49900ACAEA3 /* XCRemoteSwiftPackageReference "realm-swift" */;
			productName = RealmSwift;
		};
		E48EB6042D9AA4D500ACAEA3 /* Kingfisher */ = {
			isa = XCSwiftPackageProductDependency;
			package = E48EB6032D9AA4D500ACAEA3 /* XCRemoteSwiftPackageReference "Kingfisher" */;
			productName = Kingfisher;
		};
		E48EB6072D9AA50600ACAEA3 /* Alamofire */ = {
			isa = XCSwiftPackageProductDependency;
			package = E48EB6062D9AA50600ACAEA3 /* XCRemoteSwiftPackageReference "Alamofire" */;
			productName = Alamofire;
		};
		E48EB60A2D9AA56C00ACAEA3 /* RxDataSources */ = {
			isa = XCSwiftPackageProductDependency;
			package = E48EB6092D9AA56C00ACAEA3 /* XCRemoteSwiftPackageReference "RxDataSources" */;
			productName = RxDataSources;
		};
		E4C05C412DA283530018F9D4 /* SNKit */ = {
			isa = XCSwiftPackageProductDependency;
			package = E4C05C402DA283530018F9D4 /* XCRemoteSwiftPackageReference "SNKit" */;
			productName = SNKit;
		};
/* End XCSwiftPackageProductDependency section */
	};
	rootObject = E49726482D8D273300716594 /* Project object */;
}
